Microsoft Visual Studio Solution File, Format Version 12.00
# Visual Studio Version 17
VisualStudioVersion = 17.5.2.0
MinimumVisualStudioVersion = 10.0.40219.1
Project("{FAE04EC0-301F-11D3-BF4B-00C04F79EFBC}") = "LayeredArchitecture", "LayeredArchitecture.csproj", "{B21C4511-3264-B2F8-1DF4-CD3842117488}"
EndProject
Global
	GlobalSection(SolutionConfigurationPlatforms) = preSolution
		Debug|Any CPU = Debug|Any CPU
		Release|Any CPU = Release|Any CPU
	EndGlobalSection
	GlobalSection(ProjectConfigurationPlatforms) = postSolution
		{B21C4511-3264-B2F8-1DF4-CD3842117488}.Debug|Any CPU.ActiveCfg = Debug|Any CPU
		{B21C4511-3264-B2F8-1DF4-CD3842117488}.Debug|Any CPU.Build.0 = Debug|Any CPU
		{B21C4511-3264-B2F8-1DF4-CD3842117488}.Release|Any CPU.ActiveCfg = Release|Any CPU
		{B21C4511-3264-B2F8-1DF4-CD3842117488}.Release|Any CPU.Build.0 = Release|Any CPU
	EndGlobalSection
	GlobalSection(SolutionProperties) = preSolution
		HideSolutionNode = FALSE
	EndGlobalSection
	GlobalSection(ExtensibilityGlobals) = postSolution
		SolutionGuid = {D9422439-13F2-4AD4-B61F-42AF0FC9A626}
	EndGlobalSection
EndGlobal
